
Microsoft Visual Studio Solution File, Format Version 12.00
# Visual Studio Version 16
VisualStudioVersion = 16.0.29905.134
MinimumVisualStudioVersion = 10.0.40219.1
Project("{FAE04EC0-301F-11D3-BF4B-00C04F79EFBC}") = "AsposePdfSigning", "AsposePdfSigning.csproj", "{9C00E408-EE96-4EB3-82AA-52F66576D9AE}"
EndProject
Global
	GlobalSection(SolutionConfigurationPlatforms) = preSolution
		Debug|Any CPU = Debug|Any CPU
		Release|Any CPU = Release|Any CPU
	EndGlobalSection
	GlobalSection(ProjectConfigurationPlatforms) = postSolution
		{9C00E408-EE96-4EB3-82AA-52F66576D9AE}.Debug|Any CPU.ActiveCfg = Debug|Any CPU
		{9C00E408-EE96-4EB3-82AA-52F66576D9AE}.Debug|Any CPU.Build.0 = Debug|Any CPU
		{9C00E408-EE96-4EB3-82AA-52F66576D9AE}.Release|Any CPU.ActiveCfg = Release|Any CPU
		{9C00E408-EE96-4EB3-82AA-52F66576D9AE}.Release|Any CPU.Build.0 = Release|Any CPU
	EndGlobalSection
	GlobalSection(SolutionProperties) = preSolution
		HideSolutionNode = FALSE
	EndGlobalSection
	GlobalSection(ExtensibilityGlobals) = postSolution
		SolutionGuid = {055D936A-24D9-48BD-8884-5B7F4FB657A3}
	EndGlobalSection
EndGlobal
